
Microsoft Visual Studio Solution File, Format Version 12.00
# Visual Studio 15
VisualStudioVersion = 15.0.35431.46
MinimumVisualStudioVersion = 10.0.40219.1
Project("{8BC9CEB8-8B4A-11D0-8D11-00A0C91BC942}") = "UserModeHookHelper", "UserModeHookHelper\UserModeHookHelper.vcxproj", "{6AE1AEF6-B4BD-40F5-9666-9AE8E637680C}"
EndProject
Project("{8BC9CEB8-8B4A-11D0-8D11-00A0C91BC942}") = "UMController", "UMController\UMController.vcxproj", "{48E9DC26-65E3-4CAA-912E-277C077083A1}"
EndProject
Project("{8BC9CEB8-8B4A-11D0-8D11-00A0C91BC942}") = "EtwTracer", "EtwTracer\EtwTracer.vcxproj", "{A4C7F3E4-9418-4F26-BBE1-6B2D91A4E4F9}"
EndProject
Global
	GlobalSection(SolutionConfigurationPlatforms) = preSolution
		Debug|ARM = Debug|ARM
		Debug|ARM64 = Debug|ARM64
		Debug|x64 = Debug|x64
		Debug|x86 = Debug|x86
		Out|ARM = Out|ARM
		Out|ARM64 = Out|ARM64
		Out|x64 = Out|x64
		Out|x86 = Out|x86
		Release|ARM = Release|ARM
		Release|ARM64 = Release|ARM64
		Release|x64 = Release|x64
		Release|x86 = Release|x86
	EndGlobalSection
	GlobalSection(ProjectConfigurationPlatforms) = postSolution
		{6AE1AEF6-B4BD-40F5-9666-9AE8E637680C}.Debug|ARM.ActiveCfg = Debug|ARM
		{6AE1AEF6-B4BD-40F5-9666-9AE8E637680C}.Debug|ARM.Build.0 = Debug|ARM
		{6AE1AEF6-B4BD-40F5-9666-9AE8E637680C}.Debug|ARM.Deploy.0 = Debug|ARM
		{6AE1AEF6-B4BD-40F5-9666-9AE8E637680C}.Debug|ARM64.ActiveCfg = Debug|ARM64
		{6AE1AEF6-B4BD-40F5-9666-9AE8E637680C}.Debug|ARM64.Build.0 = Debug|ARM64
		{6AE1AEF6-B4BD-40F5-9666-9AE8E637680C}.Debug|ARM64.Deploy.0 = Debug|ARM64
		{6AE1AEF6-B4BD-40F5-9666-9AE8E637680C}.Debug|x64.ActiveCfg = Debug|x64
		{6AE1AEF6-B4BD-40F5-9666-9AE8E637680C}.Debug|x64.Build.0 = Debug|x64
		{6AE1AEF6-B4BD-40F5-9666-9AE8E637680C}.Debug|x64.Deploy.0 = Debug|x64
		{6AE1AEF6-B4BD-40F5-9666-9AE8E637680C}.Debug|x86.ActiveCfg = Debug|Win32
		{6AE1AEF6-B4BD-40F5-9666-9AE8E637680C}.Debug|x86.Build.0 = Debug|Win32
		{6AE1AEF6-B4BD-40F5-9666-9AE8E637680C}.Debug|x86.Deploy.0 = Debug|Win32
		{6AE1AEF6-B4BD-40F5-9666-9AE8E637680C}.Out|ARM.ActiveCfg = Out|ARM
		{6AE1AEF6-B4BD-40F5-9666-9AE8E637680C}.Out|ARM.Build.0 = Out|ARM
		{6AE1AEF6-B4BD-40F5-9666-9AE8E637680C}.Out|ARM.Deploy.0 = Out|ARM
		{6AE1AEF6-B4BD-40F5-9666-9AE8E637680C}.Out|ARM64.ActiveCfg = Out|ARM64
		{6AE1AEF6-B4BD-40F5-9666-9AE8E637680C}.Out|ARM64.Build.0 = Out|ARM64
		{6AE1AEF6-B4BD-40F5-9666-9AE8E637680C}.Out|ARM64.Deploy.0 = Out|ARM64
		{6AE1AEF6-B4BD-40F5-9666-9AE8E637680C}.Out|x64.ActiveCfg = Debug|x64
		{6AE1AEF6-B4BD-40F5-9666-9AE8E637680C}.Out|x64.Build.0 = Debug|x64
		{6AE1AEF6-B4BD-40F5-9666-9AE8E637680C}.Out|x86.ActiveCfg = Out|Win32
		{6AE1AEF6-B4BD-40F5-9666-9AE8E637680C}.Out|x86.Build.0 = Out|Win32
		{6AE1AEF6-B4BD-40F5-9666-9AE8E637680C}.Out|x86.Deploy.0 = Out|Win32
		{6AE1AEF6-B4BD-40F5-9666-9AE8E637680C}.Release|ARM.ActiveCfg = Release|ARM
		{6AE1AEF6-B4BD-40F5-9666-9AE8E637680C}.Release|ARM.Build.0 = Release|ARM
		{6AE1AEF6-B4BD-40F5-9666-9AE8E637680C}.Release|ARM.Deploy.0 = Release|ARM
		{6AE1AEF6-B4BD-40F5-9666-9AE8E637680C}.Release|ARM64.ActiveCfg = Release|ARM64
		{6AE1AEF6-B4BD-40F5-9666-9AE8E637680C}.Release|ARM64.Build.0 = Release|ARM64
		{6AE1AEF6-B4BD-40F5-9666-9AE8E637680C}.Release|ARM64.Deploy.0 = Release|ARM64
		{6AE1AEF6-B4BD-40F5-9666-9AE8E637680C}.Release|x64.ActiveCfg = Release|x64
		{6AE1AEF6-B4BD-40F5-9666-9AE8E637680C}.Release|x64.Build.0 = Release|x64
		{6AE1AEF6-B4BD-40F5-9666-9AE8E637680C}.Release|x64.Deploy.0 = Release|x64
		{6AE1AEF6-B4BD-40F5-9666-9AE8E637680C}.Release|x86.ActiveCfg = Release|Win32
		{6AE1AEF6-B4BD-40F5-9666-9AE8E637680C}.Release|x86.Build.0 = Release|Win32
		{6AE1AEF6-B4BD-40F5-9666-9AE8E637680C}.Release|x86.Deploy.0 = Release|Win32
		{48E9DC26-65E3-4CAA-912E-277C077083A1}.Debug|ARM.ActiveCfg = Debug|Win32
		{48E9DC26-65E3-4CAA-912E-277C077083A1}.Debug|ARM64.ActiveCfg = Debug|Win32
		{48E9DC26-65E3-4CAA-912E-277C077083A1}.Debug|x64.ActiveCfg = Debug|x64
		{48E9DC26-65E3-4CAA-912E-277C077083A1}.Debug|x64.Build.0 = Debug|x64
		{48E9DC26-65E3-4CAA-912E-277C077083A1}.Debug|x86.ActiveCfg = Debug|Win32
		{48E9DC26-65E3-4CAA-912E-277C077083A1}.Debug|x86.Build.0 = Debug|Win32
		{48E9DC26-65E3-4CAA-912E-277C077083A1}.Out|ARM.ActiveCfg = Out|Win32
		{48E9DC26-65E3-4CAA-912E-277C077083A1}.Out|ARM64.ActiveCfg = Out|Win32
		{48E9DC26-65E3-4CAA-912E-277C077083A1}.Out|x64.ActiveCfg = Release|x64
		{48E9DC26-65E3-4CAA-912E-277C077083A1}.Out|x64.Build.0 = Release|x64
		{48E9DC26-65E3-4CAA-912E-277C077083A1}.Out|x86.ActiveCfg = Out|Win32
		{48E9DC26-65E3-4CAA-912E-277C077083A1}.Out|x86.Build.0 = Out|Win32
		{48E9DC26-65E3-4CAA-912E-277C077083A1}.Release|ARM.ActiveCfg = Release|Win32
		{48E9DC26-65E3-4CAA-912E-277C077083A1}.Release|ARM64.ActiveCfg = Release|Win32
		{48E9DC26-65E3-4CAA-912E-277C077083A1}.Release|x64.ActiveCfg = Release|x64
		{48E9DC26-65E3-4CAA-912E-277C077083A1}.Release|x64.Build.0 = Release|x64
		{48E9DC26-65E3-4CAA-912E-277C077083A1}.Release|x86.ActiveCfg = Release|Win32
		{48E9DC26-65E3-4CAA-912E-277C077083A1}.Release|x86.Build.0 = Release|Win32
		{A4C7F3E4-9418-4F26-BBE1-6B2D91A4E4F9}.Debug|ARM.ActiveCfg = Debug|Win32
		{A4C7F3E4-9418-4F26-BBE1-6B2D91A4E4F9}.Debug|ARM64.ActiveCfg = Debug|Win32
		{A4C7F3E4-9418-4F26-BBE1-6B2D91A4E4F9}.Debug|x64.ActiveCfg = Debug|x64
		{A4C7F3E4-9418-4F26-BBE1-6B2D91A4E4F9}.Debug|x64.Build.0 = Debug|x64
		{A4C7F3E4-9418-4F26-BBE1-6B2D91A4E4F9}.Debug|x86.ActiveCfg = Debug|Win32
		{A4C7F3E4-9418-4F26-BBE1-6B2D91A4E4F9}.Debug|x86.Build.0 = Debug|Win32
		{A4C7F3E4-9418-4F26-BBE1-6B2D91A4E4F9}.Out|ARM.ActiveCfg = Out|Win32
		{A4C7F3E4-9418-4F26-BBE1-6B2D91A4E4F9}.Out|ARM64.ActiveCfg = Out|Win32
		{A4C7F3E4-9418-4F26-BBE1-6B2D91A4E4F9}.Out|x64.ActiveCfg = Release|x64
		{A4C7F3E4-9418-4F26-BBE1-6B2D91A4E4F9}.Out|x64.Build.0 = Release|x64
		{A4C7F3E4-9418-4F26-BBE1-6B2D91A4E4F9}.Out|x86.ActiveCfg = Out|Win32
		{A4C7F3E4-9418-4F26-BBE1-6B2D91A4E4F9}.Out|x86.Build.0 = Out|Win32
		{A4C7F3E4-9418-4F26-BBE1-6B2D91A4E4F9}.Release|ARM.ActiveCfg = Release|Win32
		{A4C7F3E4-9418-4F26-BBE1-6B2D91A4E4F9}.Release|ARM64.ActiveCfg = Release|Win32
		{A4C7F3E4-9418-4F26-BBE1-6B2D91A4E4F9}.Release|x64.ActiveCfg = Release|x64
		{A4C7F3E4-9418-4F26-BBE1-6B2D91A4E4F9}.Release|x64.Build.0 = Release|x64
		{A4C7F3E4-9418-4F26-BBE1-6B2D91A4E4F9}.Release|x86.ActiveCfg = Release|Win32
		{A4C7F3E4-9418-4F26-BBE1-6B2D91A4E4F9}.Release|x86.Build.0 = Release|Win32
	EndGlobalSection
	GlobalSection(SolutionProperties) = preSolution
		HideSolutionNode = FALSE
	EndGlobalSection
	GlobalSection(ExtensibilityGlobals) = postSolution
		SolutionGuid = {2A35B494-82D4-4B3A-BC6C-885135BC32B2}
	EndGlobalSection
EndGlobal
