
Microsoft Visual Studio Solution File, Format Version 12.00
# Visual Studio 15
VisualStudioVersion = 15.0.35431.46
MinimumVisualStudioVersion = 10.0.40219.1
Project("{8BC9CEB8-8B4A-11D0-8D11-00A0C91BC942}") = "EtwTracer", "EtwTracer\EtwTracer.vcxproj", "{E1DDC919-268C-4DD1-B0B5-8ED0D8554887}"
EndProject
Project("{2150E333-8FDC-42A3-9474-1A3956D46DE8}") = "plugins", "plugins", "{A0A4EE83-B1E4-4837-AA11-87ECA395A082}"
EndProject
Project("{2150E333-8FDC-42A3-9474-1A3956D46DE8}") = "drivers", "drivers", "{4F9E2424-9EC9-4794-8A2B-94A36A602CBE}"
EndProject
Project("{2150E333-8FDC-42A3-9474-1A3956D46DE8}") = "controller", "controller", "{082D76A0-201F-4E78-9D59-BDB368319103}"
EndProject
Project("{2150E333-8FDC-42A3-9474-1A3956D46DE8}") = "hook", "hook", "{C3C21621-BD22-41D3-A091-DAE3978C4435}"
EndProject
Project("{2150E333-8FDC-42A3-9474-1A3956D46DE8}") = "hook_code_examples", "hook_code_examples", "{A3A17C8F-FB9D-46A0-8B4A-BC3BB5854237}"
EndProject
Project("{8BC9CEB8-8B4A-11D0-8D11-00A0C91BC942}") = "MakeWindbgGreateAgain", "hook_code_examples\MakeWindbgGreateAgain\MakeWindbgGreateAgain.vcxproj", "{24CDD549-FFC7-4129-9467-959507ED8E80}"
EndProject
Project("{8BC9CEB8-8B4A-11D0-8D11-00A0C91BC942}") = "WindbgButtonProcHandlerLocator", "hook_code_examples\WindbgButtonProcHandlerLocator\WindbgButtonProcHandlerLocator.vcxproj", "{B0ADFA95-6F03-4593-8917-5D10AEFD7FD0}"
EndProject
Project("{8BC9CEB8-8B4A-11D0-8D11-00A0C91BC942}") = "HookCodeTemplate", "hook_component\HookCodeTemplate\HookCodeTemplate.vcxproj", "{9301FF52-5BD3-49DA-BDF6-C5EEC6D5496D}"
EndProject
Project("{8BC9CEB8-8B4A-11D0-8D11-00A0C91BC942}") = "umhh.trampoline.dll", "hook_component\umhh.trampoline.dll\umhh.trampoline.dll.vcxproj", "{BE487EC4-8D33-40A8-8853-3E4E6A8BA2D4}"
EndProject
Project("{8BC9CEB8-8B4A-11D0-8D11-00A0C91BC942}") = "umhh.dll", "hook_component\umhh.x64\umhh.x64.vcxproj", "{D3A0447C-CF3F-4C47-8D19-48C92EC7C2AE}"
EndProject
Project("{8BC9CEB8-8B4A-11D0-8D11-00A0C91BC942}") = "UMHH.BootStart", "drivers\UMHH.BootStart\UMHH.BootStart.vcxproj", "{C0ED18E4-A316-4CC3-A9BC-6BBCB67D5FE2}"
EndProject
Project("{8BC9CEB8-8B4A-11D0-8D11-00A0C91BC942}") = "UMHH.ObCallback", "drivers\UMHH.ObCallback\UMHH.ObCallback.vcxproj", "{F8973BDD-E1CC-4FD5-B7E7-745274B005C4}"
EndProject
Project("{8BC9CEB8-8B4A-11D0-8D11-00A0C91BC942}") = "UserModeHookHelper", "drivers\UserModeHookHelper\UserModeHookHelper.vcxproj", "{6AE1AEF6-B4BD-40F5-9666-9AE8E637680C}"
EndProject
Project("{8BC9CEB8-8B4A-11D0-8D11-00A0C91BC942}") = "HookCoreLib", "controller\HookCoreLib\HookCoreLib.vcxproj", "{6C2E3E9C-1124-4F5E-9D6F-AC9A9B6E5E21}"
EndProject
Project("{8BC9CEB8-8B4A-11D0-8D11-00A0C91BC942}") = "HookUI", "controller\HookUI\HookUI.vcxproj", "{5B7C6CF5-5E7D-4F2B-9F2B-A7DF2E8A9F10}"
EndProject
Project("{8BC9CEB8-8B4A-11D0-8D11-00A0C91BC942}") = "ProcessHackerLib", "controller\ProcessHackerLib\ProcessHackerLib.vcxproj", "{74FD19A0-B533-46DA-B591-B1EF4EEF48B0}"
EndProject
Project("{8BC9CEB8-8B4A-11D0-8D11-00A0C91BC942}") = "Suicide", "controller\Suicide\Suicide.vcxproj", "{E5152195-EE6F-491B-90EB-1E0DE39C5245}"
EndProject
Project("{8BC9CEB8-8B4A-11D0-8D11-00A0C91BC942}") = "UMController", "controller\UMController\UMController.vcxproj", "{48E9DC26-65E3-4CAA-912E-277C077083A1}"
EndProject
Project("{8BC9CEB8-8B4A-11D0-8D11-00A0C91BC942}") = "AVProcessHandleLocater", "plugins\AVProcessHandleLocater\AVProcessHandleLocater.vcxproj", "{CC5D7702-DBFB-45F2-B70D-7B78391E2901}"
EndProject
Project("{8BC9CEB8-8B4A-11D0-8D11-00A0C91BC942}") = "BlockListManager", "controller\BlockListManager\BlockListManager.vcxproj", "{9B4A692C-50F7-4E4C-963A-6979BE71EC01}"
EndProject
Project("{8BC9CEB8-8B4A-11D0-8D11-00A0C91BC942}") = "HookCodeLib", "hook_component\HookCodeLib\HookCodeLib.vcxproj", "{BE6F20E1-4009-4B1A-9F76-C11497FB90C4}"
EndProject
Project("{2150E333-8FDC-42A3-9474-1A3956D46DE8}") = "private_hook_code", "private_hook_code", "{00840967-81F7-4977-9B52-F03ABFDB2F9F}"
EndProject
Project("{8BC9CEB8-8B4A-11D0-8D11-00A0C91BC942}") = "Template", "hook_code_examples\private_hook_code\private_code\template\Template.vcxproj", "{B09C491F-0129-4689-8B10-AEBA2E3988CA}"
EndProject
Global
	GlobalSection(SolutionConfigurationPlatforms) = preSolution
		CustomConfig|ARM = CustomConfig|ARM
		CustomConfig|ARM64 = CustomConfig|ARM64
		CustomConfig|x64 = CustomConfig|x64
		CustomConfig|x86 = CustomConfig|x86
		Debug|ARM = Debug|ARM
		Debug|ARM64 = Debug|ARM64
		Debug|x64 = Debug|x64
		Debug|x86 = Debug|x86
		Out|ARM = Out|ARM
		Out|ARM64 = Out|ARM64
		Out|x64 = Out|x64
		Out|x86 = Out|x86
		Release|ARM = Release|ARM
		Release|ARM64 = Release|ARM64
		Release|x64 = Release|x64
		Release|x86 = Release|x86
	EndGlobalSection
	GlobalSection(ProjectConfigurationPlatforms) = postSolution
		{E1DDC919-268C-4DD1-B0B5-8ED0D8554887}.CustomConfig|ARM.ActiveCfg = Release|Win32
		{E1DDC919-268C-4DD1-B0B5-8ED0D8554887}.CustomConfig|ARM.Build.0 = Release|Win32
		{E1DDC919-268C-4DD1-B0B5-8ED0D8554887}.CustomConfig|ARM64.ActiveCfg = Release|Win32
		{E1DDC919-268C-4DD1-B0B5-8ED0D8554887}.CustomConfig|ARM64.Build.0 = Release|Win32
		{E1DDC919-268C-4DD1-B0B5-8ED0D8554887}.CustomConfig|x64.ActiveCfg = Release|x64
		{E1DDC919-268C-4DD1-B0B5-8ED0D8554887}.CustomConfig|x64.Build.0 = Release|x64
		{E1DDC919-268C-4DD1-B0B5-8ED0D8554887}.CustomConfig|x86.ActiveCfg = Release|Win32
		{E1DDC919-268C-4DD1-B0B5-8ED0D8554887}.CustomConfig|x86.Build.0 = Release|Win32
		{E1DDC919-268C-4DD1-B0B5-8ED0D8554887}.Debug|ARM.ActiveCfg = Debug|Win32
		{E1DDC919-268C-4DD1-B0B5-8ED0D8554887}.Debug|ARM64.ActiveCfg = Debug|Win32
		{E1DDC919-268C-4DD1-B0B5-8ED0D8554887}.Debug|x64.ActiveCfg = Debug|x64
		{E1DDC919-268C-4DD1-B0B5-8ED0D8554887}.Debug|x64.Build.0 = Debug|x64
		{E1DDC919-268C-4DD1-B0B5-8ED0D8554887}.Debug|x86.ActiveCfg = Debug|Win32
		{E1DDC919-268C-4DD1-B0B5-8ED0D8554887}.Debug|x86.Build.0 = Debug|Win32
		{E1DDC919-268C-4DD1-B0B5-8ED0D8554887}.Out|ARM.ActiveCfg = Release|x64
		{E1DDC919-268C-4DD1-B0B5-8ED0D8554887}.Out|ARM.Build.0 = Release|x64
		{E1DDC919-268C-4DD1-B0B5-8ED0D8554887}.Out|ARM64.ActiveCfg = Release|x64
		{E1DDC919-268C-4DD1-B0B5-8ED0D8554887}.Out|ARM64.Build.0 = Release|x64
		{E1DDC919-268C-4DD1-B0B5-8ED0D8554887}.Out|x64.ActiveCfg = Release|x64
		{E1DDC919-268C-4DD1-B0B5-8ED0D8554887}.Out|x64.Build.0 = Release|x64
		{E1DDC919-268C-4DD1-B0B5-8ED0D8554887}.Out|x86.ActiveCfg = Release|Win32
		{E1DDC919-268C-4DD1-B0B5-8ED0D8554887}.Out|x86.Build.0 = Release|Win32
		{E1DDC919-268C-4DD1-B0B5-8ED0D8554887}.Release|ARM.ActiveCfg = Release|Win32
		{E1DDC919-268C-4DD1-B0B5-8ED0D8554887}.Release|ARM64.ActiveCfg = Release|Win32
		{E1DDC919-268C-4DD1-B0B5-8ED0D8554887}.Release|x64.ActiveCfg = Release|x64
		{E1DDC919-268C-4DD1-B0B5-8ED0D8554887}.Release|x64.Build.0 = Release|x64
		{E1DDC919-268C-4DD1-B0B5-8ED0D8554887}.Release|x86.ActiveCfg = Release|Win32
		{E1DDC919-268C-4DD1-B0B5-8ED0D8554887}.Release|x86.Build.0 = Release|Win32
		{24CDD549-FFC7-4129-9467-959507ED8E80}.CustomConfig|ARM.ActiveCfg = Release|x64
		{24CDD549-FFC7-4129-9467-959507ED8E80}.CustomConfig|ARM.Build.0 = Release|x64
		{24CDD549-FFC7-4129-9467-959507ED8E80}.CustomConfig|ARM64.ActiveCfg = Release|x64
		{24CDD549-FFC7-4129-9467-959507ED8E80}.CustomConfig|ARM64.Build.0 = Release|x64
		{24CDD549-FFC7-4129-9467-959507ED8E80}.CustomConfig|x64.ActiveCfg = Release|x64
		{24CDD549-FFC7-4129-9467-959507ED8E80}.CustomConfig|x64.Build.0 = Release|x64
		{24CDD549-FFC7-4129-9467-959507ED8E80}.CustomConfig|x86.ActiveCfg = Release|Win32
		{24CDD549-FFC7-4129-9467-959507ED8E80}.CustomConfig|x86.Build.0 = Release|Win32
		{24CDD549-FFC7-4129-9467-959507ED8E80}.Debug|ARM.ActiveCfg = Debug|Win32
		{24CDD549-FFC7-4129-9467-959507ED8E80}.Debug|ARM64.ActiveCfg = Debug|Win32
		{24CDD549-FFC7-4129-9467-959507ED8E80}.Debug|x64.ActiveCfg = Debug|x64
		{24CDD549-FFC7-4129-9467-959507ED8E80}.Debug|x64.Build.0 = Debug|x64
		{24CDD549-FFC7-4129-9467-959507ED8E80}.Debug|x86.ActiveCfg = Debug|Win32
		{24CDD549-FFC7-4129-9467-959507ED8E80}.Debug|x86.Build.0 = Debug|Win32
		{24CDD549-FFC7-4129-9467-959507ED8E80}.Out|ARM.ActiveCfg = Release|x64
		{24CDD549-FFC7-4129-9467-959507ED8E80}.Out|ARM.Build.0 = Release|x64
		{24CDD549-FFC7-4129-9467-959507ED8E80}.Out|ARM64.ActiveCfg = Release|x64
		{24CDD549-FFC7-4129-9467-959507ED8E80}.Out|ARM64.Build.0 = Release|x64
		{24CDD549-FFC7-4129-9467-959507ED8E80}.Out|x64.ActiveCfg = Release|x64
		{24CDD549-FFC7-4129-9467-959507ED8E80}.Out|x64.Build.0 = Release|x64
		{24CDD549-FFC7-4129-9467-959507ED8E80}.Out|x86.ActiveCfg = Release|Win32
		{24CDD549-FFC7-4129-9467-959507ED8E80}.Out|x86.Build.0 = Release|Win32
		{24CDD549-FFC7-4129-9467-959507ED8E80}.Release|ARM.ActiveCfg = Release|Win32
		{24CDD549-FFC7-4129-9467-959507ED8E80}.Release|ARM64.ActiveCfg = Release|Win32
		{24CDD549-FFC7-4129-9467-959507ED8E80}.Release|x64.ActiveCfg = Release|x64
		{24CDD549-FFC7-4129-9467-959507ED8E80}.Release|x64.Build.0 = Release|x64
		{24CDD549-FFC7-4129-9467-959507ED8E80}.Release|x86.ActiveCfg = Release|Win32
		{24CDD549-FFC7-4129-9467-959507ED8E80}.Release|x86.Build.0 = Release|Win32
		{B0ADFA95-6F03-4593-8917-5D10AEFD7FD0}.CustomConfig|ARM.ActiveCfg = Release|x64
		{B0ADFA95-6F03-4593-8917-5D10AEFD7FD0}.CustomConfig|ARM.Build.0 = Release|x64
		{B0ADFA95-6F03-4593-8917-5D10AEFD7FD0}.CustomConfig|ARM64.ActiveCfg = Release|x64
		{B0ADFA95-6F03-4593-8917-5D10AEFD7FD0}.CustomConfig|ARM64.Build.0 = Release|x64
		{B0ADFA95-6F03-4593-8917-5D10AEFD7FD0}.CustomConfig|x64.ActiveCfg = Release|x64
		{B0ADFA95-6F03-4593-8917-5D10AEFD7FD0}.CustomConfig|x64.Build.0 = Release|x64
		{B0ADFA95-6F03-4593-8917-5D10AEFD7FD0}.CustomConfig|x86.ActiveCfg = Release|Win32
		{B0ADFA95-6F03-4593-8917-5D10AEFD7FD0}.CustomConfig|x86.Build.0 = Release|Win32
		{B0ADFA95-6F03-4593-8917-5D10AEFD7FD0}.Debug|ARM.ActiveCfg = Debug|Win32
		{B0ADFA95-6F03-4593-8917-5D10AEFD7FD0}.Debug|ARM64.ActiveCfg = Debug|Win32
		{B0ADFA95-6F03-4593-8917-5D10AEFD7FD0}.Debug|x64.ActiveCfg = Debug|x64
		{B0ADFA95-6F03-4593-8917-5D10AEFD7FD0}.Debug|x64.Build.0 = Debug|x64
		{B0ADFA95-6F03-4593-8917-5D10AEFD7FD0}.Debug|x86.ActiveCfg = Debug|Win32
		{B0ADFA95-6F03-4593-8917-5D10AEFD7FD0}.Debug|x86.Build.0 = Debug|Win32
		{B0ADFA95-6F03-4593-8917-5D10AEFD7FD0}.Out|ARM.ActiveCfg = Release|x64
		{B0ADFA95-6F03-4593-8917-5D10AEFD7FD0}.Out|ARM.Build.0 = Release|x64
		{B0ADFA95-6F03-4593-8917-5D10AEFD7FD0}.Out|ARM64.ActiveCfg = Release|x64
		{B0ADFA95-6F03-4593-8917-5D10AEFD7FD0}.Out|ARM64.Build.0 = Release|x64
		{B0ADFA95-6F03-4593-8917-5D10AEFD7FD0}.Out|x64.ActiveCfg = Release|x64
		{B0ADFA95-6F03-4593-8917-5D10AEFD7FD0}.Out|x64.Build.0 = Release|x64
		{B0ADFA95-6F03-4593-8917-5D10AEFD7FD0}.Out|x86.ActiveCfg = Release|Win32
		{B0ADFA95-6F03-4593-8917-5D10AEFD7FD0}.Out|x86.Build.0 = Release|Win32
		{B0ADFA95-6F03-4593-8917-5D10AEFD7FD0}.Release|ARM.ActiveCfg = Release|Win32
		{B0ADFA95-6F03-4593-8917-5D10AEFD7FD0}.Release|ARM64.ActiveCfg = Release|Win32
		{B0ADFA95-6F03-4593-8917-5D10AEFD7FD0}.Release|x64.ActiveCfg = Release|x64
		{B0ADFA95-6F03-4593-8917-5D10AEFD7FD0}.Release|x64.Build.0 = Release|x64
		{B0ADFA95-6F03-4593-8917-5D10AEFD7FD0}.Release|x86.ActiveCfg = Release|Win32
		{B0ADFA95-6F03-4593-8917-5D10AEFD7FD0}.Release|x86.Build.0 = Release|Win32
		{9301FF52-5BD3-49DA-BDF6-C5EEC6D5496D}.CustomConfig|ARM.ActiveCfg = Release|x64
		{9301FF52-5BD3-49DA-BDF6-C5EEC6D5496D}.CustomConfig|ARM.Build.0 = Release|x64
		{9301FF52-5BD3-49DA-BDF6-C5EEC6D5496D}.CustomConfig|ARM64.ActiveCfg = Release|x64
		{9301FF52-5BD3-49DA-BDF6-C5EEC6D5496D}.CustomConfig|ARM64.Build.0 = Release|x64
		{9301FF52-5BD3-49DA-BDF6-C5EEC6D5496D}.CustomConfig|x64.ActiveCfg = Release|x64
		{9301FF52-5BD3-49DA-BDF6-C5EEC6D5496D}.CustomConfig|x64.Build.0 = Release|x64
		{9301FF52-5BD3-49DA-BDF6-C5EEC6D5496D}.CustomConfig|x86.ActiveCfg = Release|Win32
		{9301FF52-5BD3-49DA-BDF6-C5EEC6D5496D}.CustomConfig|x86.Build.0 = Release|Win32
		{9301FF52-5BD3-49DA-BDF6-C5EEC6D5496D}.Debug|ARM.ActiveCfg = Debug|Win32
		{9301FF52-5BD3-49DA-BDF6-C5EEC6D5496D}.Debug|ARM64.ActiveCfg = Debug|Win32
		{9301FF52-5BD3-49DA-BDF6-C5EEC6D5496D}.Debug|x64.ActiveCfg = Debug|x64
		{9301FF52-5BD3-49DA-BDF6-C5EEC6D5496D}.Debug|x64.Build.0 = Debug|x64
		{9301FF52-5BD3-49DA-BDF6-C5EEC6D5496D}.Debug|x86.ActiveCfg = Debug|Win32
		{9301FF52-5BD3-49DA-BDF6-C5EEC6D5496D}.Debug|x86.Build.0 = Debug|Win32
		{9301FF52-5BD3-49DA-BDF6-C5EEC6D5496D}.Out|ARM.ActiveCfg = Release|x64
		{9301FF52-5BD3-49DA-BDF6-C5EEC6D5496D}.Out|ARM.Build.0 = Release|x64
		{9301FF52-5BD3-49DA-BDF6-C5EEC6D5496D}.Out|ARM64.ActiveCfg = Release|x64
		{9301FF52-5BD3-49DA-BDF6-C5EEC6D5496D}.Out|ARM64.Build.0 = Release|x64
		{9301FF52-5BD3-49DA-BDF6-C5EEC6D5496D}.Out|x64.ActiveCfg = Release|x64
		{9301FF52-5BD3-49DA-BDF6-C5EEC6D5496D}.Out|x64.Build.0 = Release|x64
		{9301FF52-5BD3-49DA-BDF6-C5EEC6D5496D}.Out|x86.ActiveCfg = Release|Win32
		{9301FF52-5BD3-49DA-BDF6-C5EEC6D5496D}.Out|x86.Build.0 = Release|Win32
		{9301FF52-5BD3-49DA-BDF6-C5EEC6D5496D}.Release|ARM.ActiveCfg = Release|Win32
		{9301FF52-5BD3-49DA-BDF6-C5EEC6D5496D}.Release|ARM64.ActiveCfg = Release|Win32
		{9301FF52-5BD3-49DA-BDF6-C5EEC6D5496D}.Release|x64.ActiveCfg = Release|x64
		{9301FF52-5BD3-49DA-BDF6-C5EEC6D5496D}.Release|x64.Build.0 = Release|x64
		{9301FF52-5BD3-49DA-BDF6-C5EEC6D5496D}.Release|x86.ActiveCfg = Release|Win32
		{9301FF52-5BD3-49DA-BDF6-C5EEC6D5496D}.Release|x86.Build.0 = Release|Win32
		{BE487EC4-8D33-40A8-8853-3E4E6A8BA2D4}.CustomConfig|ARM.ActiveCfg = Release|x64
		{BE487EC4-8D33-40A8-8853-3E4E6A8BA2D4}.CustomConfig|ARM.Build.0 = Release|x64
		{BE487EC4-8D33-40A8-8853-3E4E6A8BA2D4}.CustomConfig|ARM64.ActiveCfg = Release|x64
		{BE487EC4-8D33-40A8-8853-3E4E6A8BA2D4}.CustomConfig|ARM64.Build.0 = Release|x64
		{BE487EC4-8D33-40A8-8853-3E4E6A8BA2D4}.CustomConfig|x64.ActiveCfg = Release|x64
		{BE487EC4-8D33-40A8-8853-3E4E6A8BA2D4}.CustomConfig|x64.Build.0 = Release|x64
		{BE487EC4-8D33-40A8-8853-3E4E6A8BA2D4}.CustomConfig|x86.ActiveCfg = Release|Win32
		{BE487EC4-8D33-40A8-8853-3E4E6A8BA2D4}.CustomConfig|x86.Build.0 = Release|Win32
		{BE487EC4-8D33-40A8-8853-3E4E6A8BA2D4}.Debug|ARM.ActiveCfg = Debug|Win32
		{BE487EC4-8D33-40A8-8853-3E4E6A8BA2D4}.Debug|ARM64.ActiveCfg = Debug|Win32
		{BE487EC4-8D33-40A8-8853-3E4E6A8BA2D4}.Debug|x64.ActiveCfg = Debug|x64
		{BE487EC4-8D33-40A8-8853-3E4E6A8BA2D4}.Debug|x64.Build.0 = Debug|x64
		{BE487EC4-8D33-40A8-8853-3E4E6A8BA2D4}.Debug|x86.ActiveCfg = Debug|Win32
		{BE487EC4-8D33-40A8-8853-3E4E6A8BA2D4}.Debug|x86.Build.0 = Debug|Win32
		{BE487EC4-8D33-40A8-8853-3E4E6A8BA2D4}.Out|ARM.ActiveCfg = Release|x64
		{BE487EC4-8D33-40A8-8853-3E4E6A8BA2D4}.Out|ARM.Build.0 = Release|x64
		{BE487EC4-8D33-40A8-8853-3E4E6A8BA2D4}.Out|ARM64.ActiveCfg = Release|x64
		{BE487EC4-8D33-40A8-8853-3E4E6A8BA2D4}.Out|ARM64.Build.0 = Release|x64
		{BE487EC4-8D33-40A8-8853-3E4E6A8BA2D4}.Out|x64.ActiveCfg = Release|x64
		{BE487EC4-8D33-40A8-8853-3E4E6A8BA2D4}.Out|x64.Build.0 = Release|x64
		{BE487EC4-8D33-40A8-8853-3E4E6A8BA2D4}.Out|x86.ActiveCfg = Release|Win32
		{BE487EC4-8D33-40A8-8853-3E4E6A8BA2D4}.Out|x86.Build.0 = Release|Win32
		{BE487EC4-8D33-40A8-8853-3E4E6A8BA2D4}.Release|ARM.ActiveCfg = Release|Win32
		{BE487EC4-8D33-40A8-8853-3E4E6A8BA2D4}.Release|ARM64.ActiveCfg = Release|Win32
		{BE487EC4-8D33-40A8-8853-3E4E6A8BA2D4}.Release|x64.ActiveCfg = Release|x64
		{BE487EC4-8D33-40A8-8853-3E4E6A8BA2D4}.Release|x64.Build.0 = Release|x64
		{BE487EC4-8D33-40A8-8853-3E4E6A8BA2D4}.Release|x86.ActiveCfg = Release|Win32
		{BE487EC4-8D33-40A8-8853-3E4E6A8BA2D4}.Release|x86.Build.0 = Release|Win32
		{D3A0447C-CF3F-4C47-8D19-48C92EC7C2AE}.CustomConfig|ARM.ActiveCfg = Release|x64
		{D3A0447C-CF3F-4C47-8D19-48C92EC7C2AE}.CustomConfig|ARM.Build.0 = Release|x64
		{D3A0447C-CF3F-4C47-8D19-48C92EC7C2AE}.CustomConfig|ARM64.ActiveCfg = Release|x64
		{D3A0447C-CF3F-4C47-8D19-48C92EC7C2AE}.CustomConfig|ARM64.Build.0 = Release|x64
		{D3A0447C-CF3F-4C47-8D19-48C92EC7C2AE}.CustomConfig|x64.ActiveCfg = Release|x64
		{D3A0447C-CF3F-4C47-8D19-48C92EC7C2AE}.CustomConfig|x64.Build.0 = Release|x64
		{D3A0447C-CF3F-4C47-8D19-48C92EC7C2AE}.CustomConfig|x86.ActiveCfg = Release|Win32
		{D3A0447C-CF3F-4C47-8D19-48C92EC7C2AE}.CustomConfig|x86.Build.0 = Release|Win32
		{D3A0447C-CF3F-4C47-8D19-48C92EC7C2AE}.Debug|ARM.ActiveCfg = Debug|Win32
		{D3A0447C-CF3F-4C47-8D19-48C92EC7C2AE}.Debug|ARM64.ActiveCfg = Debug|Win32
		{D3A0447C-CF3F-4C47-8D19-48C92EC7C2AE}.Debug|x64.ActiveCfg = Debug|x64
		{D3A0447C-CF3F-4C47-8D19-48C92EC7C2AE}.Debug|x64.Build.0 = Debug|x64
		{D3A0447C-CF3F-4C47-8D19-48C92EC7C2AE}.Debug|x86.ActiveCfg = Debug|Win32
		{D3A0447C-CF3F-4C47-8D19-48C92EC7C2AE}.Debug|x86.Build.0 = Debug|Win32
		{D3A0447C-CF3F-4C47-8D19-48C92EC7C2AE}.Out|ARM.ActiveCfg = Release|x64
		{D3A0447C-CF3F-4C47-8D19-48C92EC7C2AE}.Out|ARM.Build.0 = Release|x64
		{D3A0447C-CF3F-4C47-8D19-48C92EC7C2AE}.Out|ARM64.ActiveCfg = Release|x64
		{D3A0447C-CF3F-4C47-8D19-48C92EC7C2AE}.Out|ARM64.Build.0 = Release|x64
		{D3A0447C-CF3F-4C47-8D19-48C92EC7C2AE}.Out|x64.ActiveCfg = Release|x64
		{D3A0447C-CF3F-4C47-8D19-48C92EC7C2AE}.Out|x64.Build.0 = Release|x64
		{D3A0447C-CF3F-4C47-8D19-48C92EC7C2AE}.Out|x86.ActiveCfg = Release|Win32
		{D3A0447C-CF3F-4C47-8D19-48C92EC7C2AE}.Out|x86.Build.0 = Release|Win32
		{D3A0447C-CF3F-4C47-8D19-48C92EC7C2AE}.Release|ARM.ActiveCfg = Release|Win32
		{D3A0447C-CF3F-4C47-8D19-48C92EC7C2AE}.Release|ARM64.ActiveCfg = Release|Win32
		{D3A0447C-CF3F-4C47-8D19-48C92EC7C2AE}.Release|x64.ActiveCfg = Release|x64
		{D3A0447C-CF3F-4C47-8D19-48C92EC7C2AE}.Release|x64.Build.0 = Release|x64
		{D3A0447C-CF3F-4C47-8D19-48C92EC7C2AE}.Release|x86.ActiveCfg = Release|Win32
		{D3A0447C-CF3F-4C47-8D19-48C92EC7C2AE}.Release|x86.Build.0 = Release|Win32
		{C0ED18E4-A316-4CC3-A9BC-6BBCB67D5FE2}.CustomConfig|ARM.ActiveCfg = Release|ARM
		{C0ED18E4-A316-4CC3-A9BC-6BBCB67D5FE2}.CustomConfig|ARM.Build.0 = Release|ARM
		{C0ED18E4-A316-4CC3-A9BC-6BBCB67D5FE2}.CustomConfig|ARM.Deploy.0 = Release|ARM
		{C0ED18E4-A316-4CC3-A9BC-6BBCB67D5FE2}.CustomConfig|ARM64.ActiveCfg = Release|ARM64
		{C0ED18E4-A316-4CC3-A9BC-6BBCB67D5FE2}.CustomConfig|ARM64.Build.0 = Release|ARM64
		{C0ED18E4-A316-4CC3-A9BC-6BBCB67D5FE2}.CustomConfig|ARM64.Deploy.0 = Release|ARM64
		{C0ED18E4-A316-4CC3-A9BC-6BBCB67D5FE2}.CustomConfig|x64.ActiveCfg = Release|x64
		{C0ED18E4-A316-4CC3-A9BC-6BBCB67D5FE2}.CustomConfig|x64.Build.0 = Release|x64
		{C0ED18E4-A316-4CC3-A9BC-6BBCB67D5FE2}.CustomConfig|x64.Deploy.0 = Release|x64
		{C0ED18E4-A316-4CC3-A9BC-6BBCB67D5FE2}.CustomConfig|x86.ActiveCfg = Release|Win32
		{C0ED18E4-A316-4CC3-A9BC-6BBCB67D5FE2}.CustomConfig|x86.Build.0 = Release|Win32
		{C0ED18E4-A316-4CC3-A9BC-6BBCB67D5FE2}.CustomConfig|x86.Deploy.0 = Release|Win32
		{C0ED18E4-A316-4CC3-A9BC-6BBCB67D5FE2}.Debug|ARM.ActiveCfg = Debug|ARM
		{C0ED18E4-A316-4CC3-A9BC-6BBCB67D5FE2}.Debug|ARM.Build.0 = Debug|ARM
		{C0ED18E4-A316-4CC3-A9BC-6BBCB67D5FE2}.Debug|ARM.Deploy.0 = Debug|ARM
		{C0ED18E4-A316-4CC3-A9BC-6BBCB67D5FE2}.Debug|ARM64.ActiveCfg = Debug|ARM64
		{C0ED18E4-A316-4CC3-A9BC-6BBCB67D5FE2}.Debug|ARM64.Build.0 = Debug|ARM64
		{C0ED18E4-A316-4CC3-A9BC-6BBCB67D5FE2}.Debug|ARM64.Deploy.0 = Debug|ARM64
		{C0ED18E4-A316-4CC3-A9BC-6BBCB67D5FE2}.Debug|x64.ActiveCfg = Debug|x64
		{C0ED18E4-A316-4CC3-A9BC-6BBCB67D5FE2}.Debug|x64.Build.0 = Debug|x64
		{C0ED18E4-A316-4CC3-A9BC-6BBCB67D5FE2}.Debug|x64.Deploy.0 = Debug|x64
		{C0ED18E4-A316-4CC3-A9BC-6BBCB67D5FE2}.Debug|x86.ActiveCfg = Debug|Win32
		{C0ED18E4-A316-4CC3-A9BC-6BBCB67D5FE2}.Debug|x86.Build.0 = Debug|Win32
		{C0ED18E4-A316-4CC3-A9BC-6BBCB67D5FE2}.Debug|x86.Deploy.0 = Debug|Win32
		{C0ED18E4-A316-4CC3-A9BC-6BBCB67D5FE2}.Out|ARM.ActiveCfg = Release|ARM
		{C0ED18E4-A316-4CC3-A9BC-6BBCB67D5FE2}.Out|ARM.Build.0 = Release|ARM
		{C0ED18E4-A316-4CC3-A9BC-6BBCB67D5FE2}.Out|ARM.Deploy.0 = Release|ARM
		{C0ED18E4-A316-4CC3-A9BC-6BBCB67D5FE2}.Out|ARM64.ActiveCfg = Release|ARM64
		{C0ED18E4-A316-4CC3-A9BC-6BBCB67D5FE2}.Out|ARM64.Build.0 = Release|ARM64
		{C0ED18E4-A316-4CC3-A9BC-6BBCB67D5FE2}.Out|ARM64.Deploy.0 = Release|ARM64
		{C0ED18E4-A316-4CC3-A9BC-6BBCB67D5FE2}.Out|x64.ActiveCfg = Release|x64
		{C0ED18E4-A316-4CC3-A9BC-6BBCB67D5FE2}.Out|x64.Build.0 = Release|x64
		{C0ED18E4-A316-4CC3-A9BC-6BBCB67D5FE2}.Out|x64.Deploy.0 = Release|x64
		{C0ED18E4-A316-4CC3-A9BC-6BBCB67D5FE2}.Out|x86.ActiveCfg = Release|Win32
		{C0ED18E4-A316-4CC3-A9BC-6BBCB67D5FE2}.Out|x86.Build.0 = Release|Win32
		{C0ED18E4-A316-4CC3-A9BC-6BBCB67D5FE2}.Out|x86.Deploy.0 = Release|Win32
		{C0ED18E4-A316-4CC3-A9BC-6BBCB67D5FE2}.Release|ARM.ActiveCfg = Release|ARM
		{C0ED18E4-A316-4CC3-A9BC-6BBCB67D5FE2}.Release|ARM.Build.0 = Release|ARM
		{C0ED18E4-A316-4CC3-A9BC-6BBCB67D5FE2}.Release|ARM.Deploy.0 = Release|ARM
		{C0ED18E4-A316-4CC3-A9BC-6BBCB67D5FE2}.Release|ARM64.ActiveCfg = Release|ARM64
		{C0ED18E4-A316-4CC3-A9BC-6BBCB67D5FE2}.Release|ARM64.Build.0 = Release|ARM64
		{C0ED18E4-A316-4CC3-A9BC-6BBCB67D5FE2}.Release|ARM64.Deploy.0 = Release|ARM64
		{C0ED18E4-A316-4CC3-A9BC-6BBCB67D5FE2}.Release|x64.ActiveCfg = Release|x64
		{C0ED18E4-A316-4CC3-A9BC-6BBCB67D5FE2}.Release|x64.Build.0 = Release|x64
		{C0ED18E4-A316-4CC3-A9BC-6BBCB67D5FE2}.Release|x64.Deploy.0 = Release|x64
		{C0ED18E4-A316-4CC3-A9BC-6BBCB67D5FE2}.Release|x86.ActiveCfg = Release|Win32
		{C0ED18E4-A316-4CC3-A9BC-6BBCB67D5FE2}.Release|x86.Build.0 = Release|Win32
		{C0ED18E4-A316-4CC3-A9BC-6BBCB67D5FE2}.Release|x86.Deploy.0 = Release|Win32
		{F8973BDD-E1CC-4FD5-B7E7-745274B005C4}.CustomConfig|ARM.ActiveCfg = CustomConfig|x64
		{F8973BDD-E1CC-4FD5-B7E7-745274B005C4}.CustomConfig|ARM64.ActiveCfg = CustomConfig|ARM64
		{F8973BDD-E1CC-4FD5-B7E7-745274B005C4}.CustomConfig|ARM64.Build.0 = CustomConfig|ARM64
		{F8973BDD-E1CC-4FD5-B7E7-745274B005C4}.CustomConfig|ARM64.Deploy.0 = CustomConfig|ARM64
		{F8973BDD-E1CC-4FD5-B7E7-745274B005C4}.CustomConfig|x64.ActiveCfg = CustomConfig|x64
		{F8973BDD-E1CC-4FD5-B7E7-745274B005C4}.CustomConfig|x64.Build.0 = CustomConfig|x64
		{F8973BDD-E1CC-4FD5-B7E7-745274B005C4}.CustomConfig|x64.Deploy.0 = CustomConfig|x64
		{F8973BDD-E1CC-4FD5-B7E7-745274B005C4}.CustomConfig|x86.ActiveCfg = CustomConfig|x64
		{F8973BDD-E1CC-4FD5-B7E7-745274B005C4}.Debug|ARM.ActiveCfg = Debug|x64
		{F8973BDD-E1CC-4FD5-B7E7-745274B005C4}.Debug|ARM64.ActiveCfg = Debug|ARM64
		{F8973BDD-E1CC-4FD5-B7E7-745274B005C4}.Debug|ARM64.Build.0 = Debug|ARM64
		{F8973BDD-E1CC-4FD5-B7E7-745274B005C4}.Debug|ARM64.Deploy.0 = Debug|ARM64
		{F8973BDD-E1CC-4FD5-B7E7-745274B005C4}.Debug|x64.ActiveCfg = Debug|x64
		{F8973BDD-E1CC-4FD5-B7E7-745274B005C4}.Debug|x64.Build.0 = Debug|x64
		{F8973BDD-E1CC-4FD5-B7E7-745274B005C4}.Debug|x64.Deploy.0 = Debug|x64
		{F8973BDD-E1CC-4FD5-B7E7-745274B005C4}.Debug|x86.ActiveCfg = Debug|x64
		{F8973BDD-E1CC-4FD5-B7E7-745274B005C4}.Out|ARM.ActiveCfg = Release|x64
		{F8973BDD-E1CC-4FD5-B7E7-745274B005C4}.Out|ARM.Build.0 = Release|x64
		{F8973BDD-E1CC-4FD5-B7E7-745274B005C4}.Out|ARM.Deploy.0 = Release|x64
		{F8973BDD-E1CC-4FD5-B7E7-745274B005C4}.Out|ARM64.ActiveCfg = Release|ARM64
		{F8973BDD-E1CC-4FD5-B7E7-745274B005C4}.Out|ARM64.Build.0 = Release|ARM64
		{F8973BDD-E1CC-4FD5-B7E7-745274B005C4}.Out|ARM64.Deploy.0 = Release|ARM64
		{F8973BDD-E1CC-4FD5-B7E7-745274B005C4}.Out|x64.ActiveCfg = Release|x64
		{F8973BDD-E1CC-4FD5-B7E7-745274B005C4}.Out|x64.Build.0 = Release|x64
		{F8973BDD-E1CC-4FD5-B7E7-745274B005C4}.Out|x64.Deploy.0 = Release|x64
		{F8973BDD-E1CC-4FD5-B7E7-745274B005C4}.Out|x86.ActiveCfg = Release|x64
		{F8973BDD-E1CC-4FD5-B7E7-745274B005C4}.Out|x86.Build.0 = Release|x64
		{F8973BDD-E1CC-4FD5-B7E7-745274B005C4}.Out|x86.Deploy.0 = Release|x64
		{F8973BDD-E1CC-4FD5-B7E7-745274B005C4}.Release|ARM.ActiveCfg = Release|x64
		{F8973BDD-E1CC-4FD5-B7E7-745274B005C4}.Release|ARM64.ActiveCfg = Release|ARM64
		{F8973BDD-E1CC-4FD5-B7E7-745274B005C4}.Release|ARM64.Build.0 = Release|ARM64
		{F8973BDD-E1CC-4FD5-B7E7-745274B005C4}.Release|ARM64.Deploy.0 = Release|ARM64
		{F8973BDD-E1CC-4FD5-B7E7-745274B005C4}.Release|x64.ActiveCfg = Release|x64
		{F8973BDD-E1CC-4FD5-B7E7-745274B005C4}.Release|x64.Build.0 = Release|x64
		{F8973BDD-E1CC-4FD5-B7E7-745274B005C4}.Release|x64.Deploy.0 = Release|x64
		{F8973BDD-E1CC-4FD5-B7E7-745274B005C4}.Release|x86.ActiveCfg = Release|x64
		{6AE1AEF6-B4BD-40F5-9666-9AE8E637680C}.CustomConfig|ARM.ActiveCfg = Release|ARM
		{6AE1AEF6-B4BD-40F5-9666-9AE8E637680C}.CustomConfig|ARM.Build.0 = Release|ARM
		{6AE1AEF6-B4BD-40F5-9666-9AE8E637680C}.CustomConfig|ARM.Deploy.0 = Release|ARM
		{6AE1AEF6-B4BD-40F5-9666-9AE8E637680C}.CustomConfig|ARM64.ActiveCfg = Release|ARM64
		{6AE1AEF6-B4BD-40F5-9666-9AE8E637680C}.CustomConfig|ARM64.Build.0 = Release|ARM64
		{6AE1AEF6-B4BD-40F5-9666-9AE8E637680C}.CustomConfig|ARM64.Deploy.0 = Release|ARM64
		{6AE1AEF6-B4BD-40F5-9666-9AE8E637680C}.CustomConfig|x64.ActiveCfg = Release|x64
		{6AE1AEF6-B4BD-40F5-9666-9AE8E637680C}.CustomConfig|x64.Build.0 = Release|x64
		{6AE1AEF6-B4BD-40F5-9666-9AE8E637680C}.CustomConfig|x64.Deploy.0 = Release|x64
		{6AE1AEF6-B4BD-40F5-9666-9AE8E637680C}.CustomConfig|x86.ActiveCfg = Release|Win32
		{6AE1AEF6-B4BD-40F5-9666-9AE8E637680C}.CustomConfig|x86.Build.0 = Release|Win32
		{6AE1AEF6-B4BD-40F5-9666-9AE8E637680C}.CustomConfig|x86.Deploy.0 = Release|Win32
		{6AE1AEF6-B4BD-40F5-9666-9AE8E637680C}.Debug|ARM.ActiveCfg = Debug|ARM
		{6AE1AEF6-B4BD-40F5-9666-9AE8E637680C}.Debug|ARM.Build.0 = Debug|ARM
		{6AE1AEF6-B4BD-40F5-9666-9AE8E637680C}.Debug|ARM.Deploy.0 = Debug|ARM
		{6AE1AEF6-B4BD-40F5-9666-9AE8E637680C}.Debug|ARM64.ActiveCfg = Debug|ARM64
		{6AE1AEF6-B4BD-40F5-9666-9AE8E637680C}.Debug|ARM64.Build.0 = Debug|ARM64
		{6AE1AEF6-B4BD-40F5-9666-9AE8E637680C}.Debug|ARM64.Deploy.0 = Debug|ARM64
		{6AE1AEF6-B4BD-40F5-9666-9AE8E637680C}.Debug|x64.ActiveCfg = Debug|x64
		{6AE1AEF6-B4BD-40F5-9666-9AE8E637680C}.Debug|x64.Build.0 = Debug|x64
		{6AE1AEF6-B4BD-40F5-9666-9AE8E637680C}.Debug|x64.Deploy.0 = Debug|x64
		{6AE1AEF6-B4BD-40F5-9666-9AE8E637680C}.Debug|x86.ActiveCfg = Debug|Win32
		{6AE1AEF6-B4BD-40F5-9666-9AE8E637680C}.Debug|x86.Build.0 = Debug|Win32
		{6AE1AEF6-B4BD-40F5-9666-9AE8E637680C}.Debug|x86.Deploy.0 = Debug|Win32
		{6AE1AEF6-B4BD-40F5-9666-9AE8E637680C}.Out|ARM.ActiveCfg = Out|ARM
		{6AE1AEF6-B4BD-40F5-9666-9AE8E637680C}.Out|ARM.Build.0 = Out|ARM
		{6AE1AEF6-B4BD-40F5-9666-9AE8E637680C}.Out|ARM.Deploy.0 = Out|ARM
		{6AE1AEF6-B4BD-40F5-9666-9AE8E637680C}.Out|ARM64.ActiveCfg = Out|ARM64
		{6AE1AEF6-B4BD-40F5-9666-9AE8E637680C}.Out|ARM64.Build.0 = Out|ARM64
		{6AE1AEF6-B4BD-40F5-9666-9AE8E637680C}.Out|ARM64.Deploy.0 = Out|ARM64
		{6AE1AEF6-B4BD-40F5-9666-9AE8E637680C}.Out|x64.ActiveCfg = Out|x64
		{6AE1AEF6-B4BD-40F5-9666-9AE8E637680C}.Out|x64.Build.0 = Out|x64
		{6AE1AEF6-B4BD-40F5-9666-9AE8E637680C}.Out|x64.Deploy.0 = Out|x64
		{6AE1AEF6-B4BD-40F5-9666-9AE8E637680C}.Out|x86.ActiveCfg = Out|Win32
		{6AE1AEF6-B4BD-40F5-9666-9AE8E637680C}.Out|x86.Build.0 = Out|Win32
		{6AE1AEF6-B4BD-40F5-9666-9AE8E637680C}.Out|x86.Deploy.0 = Out|Win32
		{6AE1AEF6-B4BD-40F5-9666-9AE8E637680C}.Release|ARM.ActiveCfg = Release|ARM
		{6AE1AEF6-B4BD-40F5-9666-9AE8E637680C}.Release|ARM.Build.0 = Release|ARM
		{6AE1AEF6-B4BD-40F5-9666-9AE8E637680C}.Release|ARM.Deploy.0 = Release|ARM
		{6AE1AEF6-B4BD-40F5-9666-9AE8E637680C}.Release|ARM64.ActiveCfg = Release|ARM64
		{6AE1AEF6-B4BD-40F5-9666-9AE8E637680C}.Release|ARM64.Build.0 = Release|ARM64
		{6AE1AEF6-B4BD-40F5-9666-9AE8E637680C}.Release|ARM64.Deploy.0 = Release|ARM64
		{6AE1AEF6-B4BD-40F5-9666-9AE8E637680C}.Release|x64.ActiveCfg = Release|x64
		{6AE1AEF6-B4BD-40F5-9666-9AE8E637680C}.Release|x64.Build.0 = Release|x64
		{6AE1AEF6-B4BD-40F5-9666-9AE8E637680C}.Release|x64.Deploy.0 = Release|x64
		{6AE1AEF6-B4BD-40F5-9666-9AE8E637680C}.Release|x86.ActiveCfg = Release|Win32
		{6AE1AEF6-B4BD-40F5-9666-9AE8E637680C}.Release|x86.Build.0 = Release|Win32
		{6AE1AEF6-B4BD-40F5-9666-9AE8E637680C}.Release|x86.Deploy.0 = Release|Win32
		{6C2E3E9C-1124-4F5E-9D6F-AC9A9B6E5E21}.CustomConfig|ARM.ActiveCfg = Release|x64
		{6C2E3E9C-1124-4F5E-9D6F-AC9A9B6E5E21}.CustomConfig|ARM.Build.0 = Release|x64
		{6C2E3E9C-1124-4F5E-9D6F-AC9A9B6E5E21}.CustomConfig|ARM64.ActiveCfg = Release|x64
		{6C2E3E9C-1124-4F5E-9D6F-AC9A9B6E5E21}.CustomConfig|ARM64.Build.0 = Release|x64
		{6C2E3E9C-1124-4F5E-9D6F-AC9A9B6E5E21}.CustomConfig|x64.ActiveCfg = Release|x64
		{6C2E3E9C-1124-4F5E-9D6F-AC9A9B6E5E21}.CustomConfig|x64.Build.0 = Release|x64
		{6C2E3E9C-1124-4F5E-9D6F-AC9A9B6E5E21}.CustomConfig|x86.ActiveCfg = Release|Win32
		{6C2E3E9C-1124-4F5E-9D6F-AC9A9B6E5E21}.CustomConfig|x86.Build.0 = Release|Win32
		{6C2E3E9C-1124-4F5E-9D6F-AC9A9B6E5E21}.Debug|ARM.ActiveCfg = Debug|Win32
		{6C2E3E9C-1124-4F5E-9D6F-AC9A9B6E5E21}.Debug|ARM64.ActiveCfg = Debug|Win32
		{6C2E3E9C-1124-4F5E-9D6F-AC9A9B6E5E21}.Debug|x64.ActiveCfg = Debug|x64
		{6C2E3E9C-1124-4F5E-9D6F-AC9A9B6E5E21}.Debug|x64.Build.0 = Debug|x64
		{6C2E3E9C-1124-4F5E-9D6F-AC9A9B6E5E21}.Debug|x86.ActiveCfg = Debug|Win32
		{6C2E3E9C-1124-4F5E-9D6F-AC9A9B6E5E21}.Debug|x86.Build.0 = Debug|Win32
		{6C2E3E9C-1124-4F5E-9D6F-AC9A9B6E5E21}.Out|ARM.ActiveCfg = Release|x64
		{6C2E3E9C-1124-4F5E-9D6F-AC9A9B6E5E21}.Out|ARM.Build.0 = Release|x64
		{6C2E3E9C-1124-4F5E-9D6F-AC9A9B6E5E21}.Out|ARM64.ActiveCfg = Release|x64
		{6C2E3E9C-1124-4F5E-9D6F-AC9A9B6E5E21}.Out|ARM64.Build.0 = Release|x64
		{6C2E3E9C-1124-4F5E-9D6F-AC9A9B6E5E21}.Out|x64.ActiveCfg = Release|x64
		{6C2E3E9C-1124-4F5E-9D6F-AC9A9B6E5E21}.Out|x64.Build.0 = Release|x64
		{6C2E3E9C-1124-4F5E-9D6F-AC9A9B6E5E21}.Out|x86.ActiveCfg = Release|Win32
		{6C2E3E9C-1124-4F5E-9D6F-AC9A9B6E5E21}.Out|x86.Build.0 = Release|Win32
		{6C2E3E9C-1124-4F5E-9D6F-AC9A9B6E5E21}.Release|ARM.ActiveCfg = Release|Win32
		{6C2E3E9C-1124-4F5E-9D6F-AC9A9B6E5E21}.Release|ARM64.ActiveCfg = Release|Win32
		{6C2E3E9C-1124-4F5E-9D6F-AC9A9B6E5E21}.Release|x64.ActiveCfg = Release|x64
		{6C2E3E9C-1124-4F5E-9D6F-AC9A9B6E5E21}.Release|x64.Build.0 = Release|x64
		{6C2E3E9C-1124-4F5E-9D6F-AC9A9B6E5E21}.Release|x86.ActiveCfg = Release|Win32
		{6C2E3E9C-1124-4F5E-9D6F-AC9A9B6E5E21}.Release|x86.Build.0 = Release|Win32
		{5B7C6CF5-5E7D-4F2B-9F2B-A7DF2E8A9F10}.CustomConfig|ARM.ActiveCfg = Release|x64
		{5B7C6CF5-5E7D-4F2B-9F2B-A7DF2E8A9F10}.CustomConfig|ARM.Build.0 = Release|x64
		{5B7C6CF5-5E7D-4F2B-9F2B-A7DF2E8A9F10}.CustomConfig|ARM64.ActiveCfg = Release|x64
		{5B7C6CF5-5E7D-4F2B-9F2B-A7DF2E8A9F10}.CustomConfig|ARM64.Build.0 = Release|x64
		{5B7C6CF5-5E7D-4F2B-9F2B-A7DF2E8A9F10}.CustomConfig|x64.ActiveCfg = Release|x64
		{5B7C6CF5-5E7D-4F2B-9F2B-A7DF2E8A9F10}.CustomConfig|x64.Build.0 = Release|x64
		{5B7C6CF5-5E7D-4F2B-9F2B-A7DF2E8A9F10}.CustomConfig|x86.ActiveCfg = Release|Win32
		{5B7C6CF5-5E7D-4F2B-9F2B-A7DF2E8A9F10}.CustomConfig|x86.Build.0 = Release|Win32
		{5B7C6CF5-5E7D-4F2B-9F2B-A7DF2E8A9F10}.Debug|ARM.ActiveCfg = Debug|Win32
		{5B7C6CF5-5E7D-4F2B-9F2B-A7DF2E8A9F10}.Debug|ARM64.ActiveCfg = Debug|Win32
		{5B7C6CF5-5E7D-4F2B-9F2B-A7DF2E8A9F10}.Debug|x64.ActiveCfg = Debug|x64
		{5B7C6CF5-5E7D-4F2B-9F2B-A7DF2E8A9F10}.Debug|x64.Build.0 = Debug|x64
		{5B7C6CF5-5E7D-4F2B-9F2B-A7DF2E8A9F10}.Debug|x86.ActiveCfg = Debug|Win32
		{5B7C6CF5-5E7D-4F2B-9F2B-A7DF2E8A9F10}.Debug|x86.Build.0 = Debug|Win32
		{5B7C6CF5-5E7D-4F2B-9F2B-A7DF2E8A9F10}.Out|ARM.ActiveCfg = Release|x64
		{5B7C6CF5-5E7D-4F2B-9F2B-A7DF2E8A9F10}.Out|ARM.Build.0 = Release|x64
		{5B7C6CF5-5E7D-4F2B-9F2B-A7DF2E8A9F10}.Out|ARM64.ActiveCfg = Release|x64
		{5B7C6CF5-5E7D-4F2B-9F2B-A7DF2E8A9F10}.Out|ARM64.Build.0 = Release|x64
		{5B7C6CF5-5E7D-4F2B-9F2B-A7DF2E8A9F10}.Out|x64.ActiveCfg = Release|x64
		{5B7C6CF5-5E7D-4F2B-9F2B-A7DF2E8A9F10}.Out|x64.Build.0 = Release|x64
		{5B7C6CF5-5E7D-4F2B-9F2B-A7DF2E8A9F10}.Out|x86.ActiveCfg = Release|Win32
		{5B7C6CF5-5E7D-4F2B-9F2B-A7DF2E8A9F10}.Out|x86.Build.0 = Release|Win32
		{5B7C6CF5-5E7D-4F2B-9F2B-A7DF2E8A9F10}.Release|ARM.ActiveCfg = Release|Win32
		{5B7C6CF5-5E7D-4F2B-9F2B-A7DF2E8A9F10}.Release|ARM64.ActiveCfg = Release|Win32
		{5B7C6CF5-5E7D-4F2B-9F2B-A7DF2E8A9F10}.Release|x64.ActiveCfg = Release|x64
		{5B7C6CF5-5E7D-4F2B-9F2B-A7DF2E8A9F10}.Release|x64.Build.0 = Release|x64
		{5B7C6CF5-5E7D-4F2B-9F2B-A7DF2E8A9F10}.Release|x86.ActiveCfg = Release|Win32
		{5B7C6CF5-5E7D-4F2B-9F2B-A7DF2E8A9F10}.Release|x86.Build.0 = Release|Win32
		{74FD19A0-B533-46DA-B591-B1EF4EEF48B0}.CustomConfig|ARM.ActiveCfg = Release|x64
		{74FD19A0-B533-46DA-B591-B1EF4EEF48B0}.CustomConfig|ARM.Build.0 = Release|x64
		{74FD19A0-B533-46DA-B591-B1EF4EEF48B0}.CustomConfig|ARM64.ActiveCfg = Release|x64
		{74FD19A0-B533-46DA-B591-B1EF4EEF48B0}.CustomConfig|ARM64.Build.0 = Release|x64
		{74FD19A0-B533-46DA-B591-B1EF4EEF48B0}.CustomConfig|x64.ActiveCfg = Release|x64
		{74FD19A0-B533-46DA-B591-B1EF4EEF48B0}.CustomConfig|x64.Build.0 = Release|x64
		{74FD19A0-B533-46DA-B591-B1EF4EEF48B0}.CustomConfig|x86.ActiveCfg = Release|Win32
		{74FD19A0-B533-46DA-B591-B1EF4EEF48B0}.CustomConfig|x86.Build.0 = Release|Win32
		{74FD19A0-B533-46DA-B591-B1EF4EEF48B0}.Debug|ARM.ActiveCfg = Debug|Win32
		{74FD19A0-B533-46DA-B591-B1EF4EEF48B0}.Debug|ARM64.ActiveCfg = Debug|Win32
		{74FD19A0-B533-46DA-B591-B1EF4EEF48B0}.Debug|x64.ActiveCfg = Debug|x64
		{74FD19A0-B533-46DA-B591-B1EF4EEF48B0}.Debug|x64.Build.0 = Debug|x64
		{74FD19A0-B533-46DA-B591-B1EF4EEF48B0}.Debug|x86.ActiveCfg = Debug|Win32
		{74FD19A0-B533-46DA-B591-B1EF4EEF48B0}.Debug|x86.Build.0 = Debug|Win32
		{74FD19A0-B533-46DA-B591-B1EF4EEF48B0}.Out|ARM.ActiveCfg = Release|x64
		{74FD19A0-B533-46DA-B591-B1EF4EEF48B0}.Out|ARM.Build.0 = Release|x64
		{74FD19A0-B533-46DA-B591-B1EF4EEF48B0}.Out|ARM64.ActiveCfg = Release|x64
		{74FD19A0-B533-46DA-B591-B1EF4EEF48B0}.Out|ARM64.Build.0 = Release|x64
		{74FD19A0-B533-46DA-B591-B1EF4EEF48B0}.Out|x64.ActiveCfg = Release|x64
		{74FD19A0-B533-46DA-B591-B1EF4EEF48B0}.Out|x64.Build.0 = Release|x64
		{74FD19A0-B533-46DA-B591-B1EF4EEF48B0}.Out|x86.ActiveCfg = Release|Win32
		{74FD19A0-B533-46DA-B591-B1EF4EEF48B0}.Out|x86.Build.0 = Release|Win32
		{74FD19A0-B533-46DA-B591-B1EF4EEF48B0}.Release|ARM.ActiveCfg = Release|Win32
		{74FD19A0-B533-46DA-B591-B1EF4EEF48B0}.Release|ARM64.ActiveCfg = Release|Win32
		{74FD19A0-B533-46DA-B591-B1EF4EEF48B0}.Release|x64.ActiveCfg = Release|x64
		{74FD19A0-B533-46DA-B591-B1EF4EEF48B0}.Release|x64.Build.0 = Release|x64
		{74FD19A0-B533-46DA-B591-B1EF4EEF48B0}.Release|x86.ActiveCfg = Release|Win32
		{74FD19A0-B533-46DA-B591-B1EF4EEF48B0}.Release|x86.Build.0 = Release|Win32
		{E5152195-EE6F-491B-90EB-1E0DE39C5245}.CustomConfig|ARM.ActiveCfg = Release|x64
		{E5152195-EE6F-491B-90EB-1E0DE39C5245}.CustomConfig|ARM.Build.0 = Release|x64
		{E5152195-EE6F-491B-90EB-1E0DE39C5245}.CustomConfig|ARM64.ActiveCfg = Release|x64
		{E5152195-EE6F-491B-90EB-1E0DE39C5245}.CustomConfig|ARM64.Build.0 = Release|x64
		{E5152195-EE6F-491B-90EB-1E0DE39C5245}.CustomConfig|x64.ActiveCfg = Release|x64
		{E5152195-EE6F-491B-90EB-1E0DE39C5245}.CustomConfig|x64.Build.0 = Release|x64
		{E5152195-EE6F-491B-90EB-1E0DE39C5245}.CustomConfig|x86.ActiveCfg = Release|Win32
		{E5152195-EE6F-491B-90EB-1E0DE39C5245}.CustomConfig|x86.Build.0 = Release|Win32
		{E5152195-EE6F-491B-90EB-1E0DE39C5245}.Debug|ARM.ActiveCfg = Debug|Win32
		{E5152195-EE6F-491B-90EB-1E0DE39C5245}.Debug|ARM64.ActiveCfg = Debug|Win32
		{E5152195-EE6F-491B-90EB-1E0DE39C5245}.Debug|x64.ActiveCfg = Debug|x64
		{E5152195-EE6F-491B-90EB-1E0DE39C5245}.Debug|x64.Build.0 = Debug|x64
		{E5152195-EE6F-491B-90EB-1E0DE39C5245}.Debug|x86.ActiveCfg = Debug|Win32
		{E5152195-EE6F-491B-90EB-1E0DE39C5245}.Debug|x86.Build.0 = Debug|Win32
		{E5152195-EE6F-491B-90EB-1E0DE39C5245}.Out|ARM.ActiveCfg = Release|x64
		{E5152195-EE6F-491B-90EB-1E0DE39C5245}.Out|ARM.Build.0 = Release|x64
		{E5152195-EE6F-491B-90EB-1E0DE39C5245}.Out|ARM64.ActiveCfg = Release|x64
		{E5152195-EE6F-491B-90EB-1E0DE39C5245}.Out|ARM64.Build.0 = Release|x64
		{E5152195-EE6F-491B-90EB-1E0DE39C5245}.Out|x64.ActiveCfg = Release|x64
		{E5152195-EE6F-491B-90EB-1E0DE39C5245}.Out|x64.Build.0 = Release|x64
		{E5152195-EE6F-491B-90EB-1E0DE39C5245}.Out|x86.ActiveCfg = Release|Win32
		{E5152195-EE6F-491B-90EB-1E0DE39C5245}.Out|x86.Build.0 = Release|Win32
		{E5152195-EE6F-491B-90EB-1E0DE39C5245}.Release|ARM.ActiveCfg = Release|Win32
		{E5152195-EE6F-491B-90EB-1E0DE39C5245}.Release|ARM64.ActiveCfg = Release|Win32
		{E5152195-EE6F-491B-90EB-1E0DE39C5245}.Release|x64.ActiveCfg = Release|x64
		{E5152195-EE6F-491B-90EB-1E0DE39C5245}.Release|x64.Build.0 = Release|x64
		{E5152195-EE6F-491B-90EB-1E0DE39C5245}.Release|x86.ActiveCfg = Release|Win32
		{E5152195-EE6F-491B-90EB-1E0DE39C5245}.Release|x86.Build.0 = Release|Win32
		{48E9DC26-65E3-4CAA-912E-277C077083A1}.CustomConfig|ARM.ActiveCfg = Release|x64
		{48E9DC26-65E3-4CAA-912E-277C077083A1}.CustomConfig|ARM.Build.0 = Release|x64
		{48E9DC26-65E3-4CAA-912E-277C077083A1}.CustomConfig|ARM64.ActiveCfg = Release|x64
		{48E9DC26-65E3-4CAA-912E-277C077083A1}.CustomConfig|ARM64.Build.0 = Release|x64
		{48E9DC26-65E3-4CAA-912E-277C077083A1}.CustomConfig|x64.ActiveCfg = Release|x64
		{48E9DC26-65E3-4CAA-912E-277C077083A1}.CustomConfig|x64.Build.0 = Release|x64
		{48E9DC26-65E3-4CAA-912E-277C077083A1}.CustomConfig|x86.ActiveCfg = Release|Win32
		{48E9DC26-65E3-4CAA-912E-277C077083A1}.CustomConfig|x86.Build.0 = Release|Win32
		{48E9DC26-65E3-4CAA-912E-277C077083A1}.Debug|ARM.ActiveCfg = Debug|Win32
		{48E9DC26-65E3-4CAA-912E-277C077083A1}.Debug|ARM64.ActiveCfg = Debug|Win32
		{48E9DC26-65E3-4CAA-912E-277C077083A1}.Debug|x64.ActiveCfg = Debug|x64
		{48E9DC26-65E3-4CAA-912E-277C077083A1}.Debug|x64.Build.0 = Debug|x64
		{48E9DC26-65E3-4CAA-912E-277C077083A1}.Debug|x86.ActiveCfg = Debug|Win32
		{48E9DC26-65E3-4CAA-912E-277C077083A1}.Debug|x86.Build.0 = Debug|Win32
		{48E9DC26-65E3-4CAA-912E-277C077083A1}.Out|ARM.ActiveCfg = Out|Win32
		{48E9DC26-65E3-4CAA-912E-277C077083A1}.Out|ARM64.ActiveCfg = Out|Win32
		{48E9DC26-65E3-4CAA-912E-277C077083A1}.Out|x64.ActiveCfg = Out|x64
		{48E9DC26-65E3-4CAA-912E-277C077083A1}.Out|x64.Build.0 = Out|x64
		{48E9DC26-65E3-4CAA-912E-277C077083A1}.Out|x86.ActiveCfg = Out|Win32
		{48E9DC26-65E3-4CAA-912E-277C077083A1}.Out|x86.Build.0 = Out|Win32
		{48E9DC26-65E3-4CAA-912E-277C077083A1}.Release|ARM.ActiveCfg = Release|Win32
		{48E9DC26-65E3-4CAA-912E-277C077083A1}.Release|ARM64.ActiveCfg = Release|Win32
		{48E9DC26-65E3-4CAA-912E-277C077083A1}.Release|x64.ActiveCfg = Release|x64
		{48E9DC26-65E3-4CAA-912E-277C077083A1}.Release|x64.Build.0 = Release|x64
		{48E9DC26-65E3-4CAA-912E-277C077083A1}.Release|x86.ActiveCfg = Release|Win32
		{48E9DC26-65E3-4CAA-912E-277C077083A1}.Release|x86.Build.0 = Release|Win32
		{CC5D7702-DBFB-45F2-B70D-7B78391E2901}.CustomConfig|ARM.ActiveCfg = Release|x64
		{CC5D7702-DBFB-45F2-B70D-7B78391E2901}.CustomConfig|ARM.Build.0 = Release|x64
		{CC5D7702-DBFB-45F2-B70D-7B78391E2901}.CustomConfig|ARM64.ActiveCfg = Release|x64
		{CC5D7702-DBFB-45F2-B70D-7B78391E2901}.CustomConfig|ARM64.Build.0 = Release|x64
		{CC5D7702-DBFB-45F2-B70D-7B78391E2901}.CustomConfig|x64.ActiveCfg = Release|x64
		{CC5D7702-DBFB-45F2-B70D-7B78391E2901}.CustomConfig|x64.Build.0 = Release|x64
		{CC5D7702-DBFB-45F2-B70D-7B78391E2901}.CustomConfig|x86.ActiveCfg = Release|Win32
		{CC5D7702-DBFB-45F2-B70D-7B78391E2901}.CustomConfig|x86.Build.0 = Release|Win32
		{CC5D7702-DBFB-45F2-B70D-7B78391E2901}.Debug|ARM.ActiveCfg = Debug|Win32
		{CC5D7702-DBFB-45F2-B70D-7B78391E2901}.Debug|ARM64.ActiveCfg = Debug|Win32
		{CC5D7702-DBFB-45F2-B70D-7B78391E2901}.Debug|x64.ActiveCfg = Debug|x64
		{CC5D7702-DBFB-45F2-B70D-7B78391E2901}.Debug|x64.Build.0 = Debug|x64
		{CC5D7702-DBFB-45F2-B70D-7B78391E2901}.Debug|x86.ActiveCfg = Debug|Win32
		{CC5D7702-DBFB-45F2-B70D-7B78391E2901}.Debug|x86.Build.0 = Debug|Win32
		{CC5D7702-DBFB-45F2-B70D-7B78391E2901}.Out|ARM.ActiveCfg = Release|x64
		{CC5D7702-DBFB-45F2-B70D-7B78391E2901}.Out|ARM.Build.0 = Release|x64
		{CC5D7702-DBFB-45F2-B70D-7B78391E2901}.Out|ARM64.ActiveCfg = Release|x64
		{CC5D7702-DBFB-45F2-B70D-7B78391E2901}.Out|ARM64.Build.0 = Release|x64
		{CC5D7702-DBFB-45F2-B70D-7B78391E2901}.Out|x64.ActiveCfg = Release|x64
		{CC5D7702-DBFB-45F2-B70D-7B78391E2901}.Out|x64.Build.0 = Release|x64
		{CC5D7702-DBFB-45F2-B70D-7B78391E2901}.Out|x86.ActiveCfg = Release|Win32
		{CC5D7702-DBFB-45F2-B70D-7B78391E2901}.Out|x86.Build.0 = Release|Win32
		{CC5D7702-DBFB-45F2-B70D-7B78391E2901}.Release|ARM.ActiveCfg = Release|Win32
		{CC5D7702-DBFB-45F2-B70D-7B78391E2901}.Release|ARM64.ActiveCfg = Release|Win32
		{CC5D7702-DBFB-45F2-B70D-7B78391E2901}.Release|x64.ActiveCfg = Release|x64
		{CC5D7702-DBFB-45F2-B70D-7B78391E2901}.Release|x64.Build.0 = Release|x64
		{CC5D7702-DBFB-45F2-B70D-7B78391E2901}.Release|x86.ActiveCfg = Release|Win32
		{CC5D7702-DBFB-45F2-B70D-7B78391E2901}.Release|x86.Build.0 = Release|Win32
		{9B4A692C-50F7-4E4C-963A-6979BE71EC01}.CustomConfig|ARM.ActiveCfg = Release|x64
		{9B4A692C-50F7-4E4C-963A-6979BE71EC01}.CustomConfig|ARM.Build.0 = Release|x64
		{9B4A692C-50F7-4E4C-963A-6979BE71EC01}.CustomConfig|ARM64.ActiveCfg = Release|x64
		{9B4A692C-50F7-4E4C-963A-6979BE71EC01}.CustomConfig|ARM64.Build.0 = Release|x64
		{9B4A692C-50F7-4E4C-963A-6979BE71EC01}.CustomConfig|x64.ActiveCfg = Release|x64
		{9B4A692C-50F7-4E4C-963A-6979BE71EC01}.CustomConfig|x64.Build.0 = Release|x64
		{9B4A692C-50F7-4E4C-963A-6979BE71EC01}.CustomConfig|x86.ActiveCfg = Release|Win32
		{9B4A692C-50F7-4E4C-963A-6979BE71EC01}.CustomConfig|x86.Build.0 = Release|Win32
		{9B4A692C-50F7-4E4C-963A-6979BE71EC01}.Debug|ARM.ActiveCfg = Debug|Win32
		{9B4A692C-50F7-4E4C-963A-6979BE71EC01}.Debug|ARM64.ActiveCfg = Debug|Win32
		{9B4A692C-50F7-4E4C-963A-6979BE71EC01}.Debug|x64.ActiveCfg = Debug|x64
		{9B4A692C-50F7-4E4C-963A-6979BE71EC01}.Debug|x64.Build.0 = Debug|x64
		{9B4A692C-50F7-4E4C-963A-6979BE71EC01}.Debug|x86.ActiveCfg = Debug|Win32
		{9B4A692C-50F7-4E4C-963A-6979BE71EC01}.Debug|x86.Build.0 = Debug|Win32
		{9B4A692C-50F7-4E4C-963A-6979BE71EC01}.Out|ARM.ActiveCfg = Release|x64
		{9B4A692C-50F7-4E4C-963A-6979BE71EC01}.Out|ARM.Build.0 = Release|x64
		{9B4A692C-50F7-4E4C-963A-6979BE71EC01}.Out|ARM64.ActiveCfg = Release|x64
		{9B4A692C-50F7-4E4C-963A-6979BE71EC01}.Out|ARM64.Build.0 = Release|x64
		{9B4A692C-50F7-4E4C-963A-6979BE71EC01}.Out|x64.ActiveCfg = Release|x64
		{9B4A692C-50F7-4E4C-963A-6979BE71EC01}.Out|x64.Build.0 = Release|x64
		{9B4A692C-50F7-4E4C-963A-6979BE71EC01}.Out|x86.ActiveCfg = Release|Win32
		{9B4A692C-50F7-4E4C-963A-6979BE71EC01}.Out|x86.Build.0 = Release|Win32
		{9B4A692C-50F7-4E4C-963A-6979BE71EC01}.Release|ARM.ActiveCfg = Release|Win32
		{9B4A692C-50F7-4E4C-963A-6979BE71EC01}.Release|ARM64.ActiveCfg = Release|Win32
		{9B4A692C-50F7-4E4C-963A-6979BE71EC01}.Release|x64.ActiveCfg = Release|x64
		{9B4A692C-50F7-4E4C-963A-6979BE71EC01}.Release|x64.Build.0 = Release|x64
		{9B4A692C-50F7-4E4C-963A-6979BE71EC01}.Release|x86.ActiveCfg = Release|Win32
		{9B4A692C-50F7-4E4C-963A-6979BE71EC01}.Release|x86.Build.0 = Release|Win32
		{BE6F20E1-4009-4B1A-9F76-C11497FB90C4}.CustomConfig|ARM.ActiveCfg = Release|x64
		{BE6F20E1-4009-4B1A-9F76-C11497FB90C4}.CustomConfig|ARM.Build.0 = Release|x64
		{BE6F20E1-4009-4B1A-9F76-C11497FB90C4}.CustomConfig|ARM64.ActiveCfg = Release|x64
		{BE6F20E1-4009-4B1A-9F76-C11497FB90C4}.CustomConfig|ARM64.Build.0 = Release|x64
		{BE6F20E1-4009-4B1A-9F76-C11497FB90C4}.CustomConfig|x64.ActiveCfg = Release|x64
		{BE6F20E1-4009-4B1A-9F76-C11497FB90C4}.CustomConfig|x64.Build.0 = Release|x64
		{BE6F20E1-4009-4B1A-9F76-C11497FB90C4}.CustomConfig|x86.ActiveCfg = Release|Win32
		{BE6F20E1-4009-4B1A-9F76-C11497FB90C4}.CustomConfig|x86.Build.0 = Release|Win32
		{BE6F20E1-4009-4B1A-9F76-C11497FB90C4}.Debug|ARM.ActiveCfg = Debug|Win32
		{BE6F20E1-4009-4B1A-9F76-C11497FB90C4}.Debug|ARM64.ActiveCfg = Debug|Win32
		{BE6F20E1-4009-4B1A-9F76-C11497FB90C4}.Debug|x64.ActiveCfg = Debug|x64
		{BE6F20E1-4009-4B1A-9F76-C11497FB90C4}.Debug|x64.Build.0 = Debug|x64
		{BE6F20E1-4009-4B1A-9F76-C11497FB90C4}.Debug|x86.ActiveCfg = Debug|Win32
		{BE6F20E1-4009-4B1A-9F76-C11497FB90C4}.Debug|x86.Build.0 = Debug|Win32
		{BE6F20E1-4009-4B1A-9F76-C11497FB90C4}.Out|ARM.ActiveCfg = Release|x64
		{BE6F20E1-4009-4B1A-9F76-C11497FB90C4}.Out|ARM.Build.0 = Release|x64
		{BE6F20E1-4009-4B1A-9F76-C11497FB90C4}.Out|ARM64.ActiveCfg = Release|x64
		{BE6F20E1-4009-4B1A-9F76-C11497FB90C4}.Out|ARM64.Build.0 = Release|x64
		{BE6F20E1-4009-4B1A-9F76-C11497FB90C4}.Out|x64.ActiveCfg = Release|x64
		{BE6F20E1-4009-4B1A-9F76-C11497FB90C4}.Out|x64.Build.0 = Release|x64
		{BE6F20E1-4009-4B1A-9F76-C11497FB90C4}.Out|x86.ActiveCfg = Release|Win32
		{BE6F20E1-4009-4B1A-9F76-C11497FB90C4}.Out|x86.Build.0 = Release|Win32
		{BE6F20E1-4009-4B1A-9F76-C11497FB90C4}.Release|ARM.ActiveCfg = Release|Win32
		{BE6F20E1-4009-4B1A-9F76-C11497FB90C4}.Release|ARM64.ActiveCfg = Release|Win32
		{BE6F20E1-4009-4B1A-9F76-C11497FB90C4}.Release|x64.ActiveCfg = Release|x64
		{BE6F20E1-4009-4B1A-9F76-C11497FB90C4}.Release|x64.Build.0 = Release|x64
		{BE6F20E1-4009-4B1A-9F76-C11497FB90C4}.Release|x86.ActiveCfg = Release|Win32
		{BE6F20E1-4009-4B1A-9F76-C11497FB90C4}.Release|x86.Build.0 = Release|Win32
		{B09C491F-0129-4689-8B10-AEBA2E3988CA}.CustomConfig|ARM.ActiveCfg = Release|x64
		{B09C491F-0129-4689-8B10-AEBA2E3988CA}.CustomConfig|ARM.Build.0 = Release|x64
		{B09C491F-0129-4689-8B10-AEBA2E3988CA}.CustomConfig|ARM64.ActiveCfg = Release|x64
		{B09C491F-0129-4689-8B10-AEBA2E3988CA}.CustomConfig|ARM64.Build.0 = Release|x64
		{B09C491F-0129-4689-8B10-AEBA2E3988CA}.CustomConfig|x64.ActiveCfg = Release|x64
		{B09C491F-0129-4689-8B10-AEBA2E3988CA}.CustomConfig|x64.Build.0 = Release|x64
		{B09C491F-0129-4689-8B10-AEBA2E3988CA}.CustomConfig|x86.ActiveCfg = Release|Win32
		{B09C491F-0129-4689-8B10-AEBA2E3988CA}.CustomConfig|x86.Build.0 = Release|Win32
		{B09C491F-0129-4689-8B10-AEBA2E3988CA}.Debug|ARM.ActiveCfg = Debug|Win32
		{B09C491F-0129-4689-8B10-AEBA2E3988CA}.Debug|ARM64.ActiveCfg = Debug|Win32
		{B09C491F-0129-4689-8B10-AEBA2E3988CA}.Debug|x64.ActiveCfg = Debug|x64
		{B09C491F-0129-4689-8B10-AEBA2E3988CA}.Debug|x64.Build.0 = Debug|x64
		{B09C491F-0129-4689-8B10-AEBA2E3988CA}.Debug|x86.ActiveCfg = Debug|Win32
		{B09C491F-0129-4689-8B10-AEBA2E3988CA}.Debug|x86.Build.0 = Debug|Win32
		{B09C491F-0129-4689-8B10-AEBA2E3988CA}.Out|ARM.ActiveCfg = Release|x64
		{B09C491F-0129-4689-8B10-AEBA2E3988CA}.Out|ARM.Build.0 = Release|x64
		{B09C491F-0129-4689-8B10-AEBA2E3988CA}.Out|ARM64.ActiveCfg = Release|x64
		{B09C491F-0129-4689-8B10-AEBA2E3988CA}.Out|ARM64.Build.0 = Release|x64
		{B09C491F-0129-4689-8B10-AEBA2E3988CA}.Out|x64.ActiveCfg = Release|x64
		{B09C491F-0129-4689-8B10-AEBA2E3988CA}.Out|x64.Build.0 = Release|x64
		{B09C491F-0129-4689-8B10-AEBA2E3988CA}.Out|x86.ActiveCfg = Release|Win32
		{B09C491F-0129-4689-8B10-AEBA2E3988CA}.Out|x86.Build.0 = Release|Win32
		{B09C491F-0129-4689-8B10-AEBA2E3988CA}.Release|ARM.ActiveCfg = Release|Win32
		{B09C491F-0129-4689-8B10-AEBA2E3988CA}.Release|ARM64.ActiveCfg = Release|Win32
		{B09C491F-0129-4689-8B10-AEBA2E3988CA}.Release|x64.ActiveCfg = Release|x64
		{B09C491F-0129-4689-8B10-AEBA2E3988CA}.Release|x64.Build.0 = Release|x64
		{B09C491F-0129-4689-8B10-AEBA2E3988CA}.Release|x86.ActiveCfg = Release|Win32
		{B09C491F-0129-4689-8B10-AEBA2E3988CA}.Release|x86.Build.0 = Release|Win32
	EndGlobalSection
	GlobalSection(SolutionProperties) = preSolution
		HideSolutionNode = FALSE
	EndGlobalSection
	GlobalSection(NestedProjects) = preSolution
		{E1DDC919-268C-4DD1-B0B5-8ED0D8554887} = {082D76A0-201F-4E78-9D59-BDB368319103}
		{24CDD549-FFC7-4129-9467-959507ED8E80} = {A3A17C8F-FB9D-46A0-8B4A-BC3BB5854237}
		{B0ADFA95-6F03-4593-8917-5D10AEFD7FD0} = {A3A17C8F-FB9D-46A0-8B4A-BC3BB5854237}
		{9301FF52-5BD3-49DA-BDF6-C5EEC6D5496D} = {C3C21621-BD22-41D3-A091-DAE3978C4435}
		{BE487EC4-8D33-40A8-8853-3E4E6A8BA2D4} = {C3C21621-BD22-41D3-A091-DAE3978C4435}
		{D3A0447C-CF3F-4C47-8D19-48C92EC7C2AE} = {C3C21621-BD22-41D3-A091-DAE3978C4435}
		{C0ED18E4-A316-4CC3-A9BC-6BBCB67D5FE2} = {4F9E2424-9EC9-4794-8A2B-94A36A602CBE}
		{F8973BDD-E1CC-4FD5-B7E7-745274B005C4} = {4F9E2424-9EC9-4794-8A2B-94A36A602CBE}
		{6AE1AEF6-B4BD-40F5-9666-9AE8E637680C} = {4F9E2424-9EC9-4794-8A2B-94A36A602CBE}
		{6C2E3E9C-1124-4F5E-9D6F-AC9A9B6E5E21} = {082D76A0-201F-4E78-9D59-BDB368319103}
		{5B7C6CF5-5E7D-4F2B-9F2B-A7DF2E8A9F10} = {082D76A0-201F-4E78-9D59-BDB368319103}
		{74FD19A0-B533-46DA-B591-B1EF4EEF48B0} = {082D76A0-201F-4E78-9D59-BDB368319103}
		{E5152195-EE6F-491B-90EB-1E0DE39C5245} = {082D76A0-201F-4E78-9D59-BDB368319103}
		{48E9DC26-65E3-4CAA-912E-277C077083A1} = {082D76A0-201F-4E78-9D59-BDB368319103}
		{CC5D7702-DBFB-45F2-B70D-7B78391E2901} = {A0A4EE83-B1E4-4837-AA11-87ECA395A082}
		{9B4A692C-50F7-4E4C-963A-6979BE71EC01} = {082D76A0-201F-4E78-9D59-BDB368319103}
		{BE6F20E1-4009-4B1A-9F76-C11497FB90C4} = {C3C21621-BD22-41D3-A091-DAE3978C4435}
		{00840967-81F7-4977-9B52-F03ABFDB2F9F} = {A3A17C8F-FB9D-46A0-8B4A-BC3BB5854237}
		{B09C491F-0129-4689-8B10-AEBA2E3988CA} = {00840967-81F7-4977-9B52-F03ABFDB2F9F}
	EndGlobalSection
	GlobalSection(ExtensibilityGlobals) = postSolution
		SolutionGuid = {2A35B494-82D4-4B3A-BC6C-885135BC32B2}
	EndGlobalSection
EndGlobal
